
Microsoft Visual Studio Solution File, Format Version 12.00
# Visual Studio Version 16
VisualStudioVersion = 16.0.31019.35
MinimumVisualStudioVersion = 10.0.40219.1
Project("{FAE04EC0-301F-11D3-BF4B-00C04F79EFBC}") = "TP2", "TP2\TP2.csproj", "{38528F87-EA7A-49B1-B35D-5A8F887D97BF}"
EndProject
Global
	GlobalSection(SolutionConfigurationPlatforms) = preSolution
		Debug|Any CPU = Debug|Any CPU
		Release|Any CPU = Release|Any CPU
	EndGlobalSection
	GlobalSection(ProjectConfigurationPlatforms) = postSolution
		{38528F87-EA7A-49B1-B35D-5A8F887D97BF}.Debug|Any CPU.ActiveCfg = Debug|Any CPU
		{38528F87-EA7A-49B1-B35D-5A8F887D97BF}.Debug|Any CPU.Build.0 = Debug|Any CPU
		{38528F87-EA7A-49B1-B35D-5A8F887D97BF}.Release|Any CPU.ActiveCfg = Release|Any CPU
		{38528F87-EA7A-49B1-B35D-5A8F887D97BF}.Release|Any CPU.Build.0 = Release|Any CPU
	EndGlobalSection
	GlobalSection(SolutionProperties) = preSolution
		HideSolutionNode = FALSE
	EndGlobalSection
	GlobalSection(ExtensibilityGlobals) = postSolution
		SolutionGuid = {49C95808-969D-492F-91C6-7E5A10F20E0A}
	EndGlobalSection
EndGlobal
